
Microsoft Visual Studio Solution File, Format Version 12.00
# Visual Studio Version 17
VisualStudioVersion = 17.4.33205.214
MinimumVisualStudioVersion = 10.0.40219.1
Project("{FAE04EC0-301F-11D3-BF4B-00C04F79EFBC}") = "ParaWorldStatus", "ParaWorldStatus\ParaWorldStatus.csproj", "{14A5B040-C5A8-49EE-A0EF-EAEA72FB1E3B}"
EndProject
Global
	GlobalSection(SolutionConfigurationPlatforms) = preSolution
		Debug|Any CPU = Debug|Any CPU
		Release|Any CPU = Release|Any CPU
	EndGlobalSection
	GlobalSection(ProjectConfigurationPlatforms) = postSolution
		{14A5B040-C5A8-49EE-A0EF-EAEA72FB1E3B}.Debug|Any CPU.ActiveCfg = Debug|Any CPU
		{14A5B040-C5A8-49EE-A0EF-EAEA72FB1E3B}.Debug|Any CPU.Build.0 = Debug|Any CPU
		{14A5B040-C5A8-49EE-A0EF-EAEA72FB1E3B}.Release|Any CPU.ActiveCfg = Release|Any CPU
		{14A5B040-C5A8-49EE-A0EF-EAEA72FB1E3B}.Release|Any CPU.Build.0 = Release|Any CPU
	EndGlobalSection
	GlobalSection(SolutionProperties) = preSolution
		HideSolutionNode = FALSE
	EndGlobalSection
	GlobalSection(ExtensibilityGlobals) = postSolution
		SolutionGuid = {BBA50DAC-69A3-4905-B48C-33F0B22DC6E1}
	EndGlobalSection
EndGlobal
