
Microsoft Visual Studio Solution File, Format Version 12.00
# Visual Studio Version 17
VisualStudioVersion = 17.7.34003.232
MinimumVisualStudioVersion = 10.0.40219.1
Project("{FAE04EC0-301F-11D3-BF4B-00C04F79EFBC}") = "MIRAGE Launcher", "Launcher\MIRAGE Launcher.csproj", "{D032846F-C711-4EB3-9D0E-994A0165373D}"
	ProjectSection(ProjectDependencies) = postProject
		{14A5B040-C5A8-49EE-A0EF-EAEA72FB1E3B} = {14A5B040-C5A8-49EE-A0EF-EAEA72FB1E3B}
		{877BCBC0-9A89-4797-94D4-2871EDEE6222} = {877BCBC0-9A89-4797-94D4-2871EDEE6222}
	EndProjectSection
EndProject
Project("{FAE04EC0-301F-11D3-BF4B-00C04F79EFBC}") = "ParaWorldStatus", "ParaWorldStatus\ParaWorldStatus\ParaWorldStatus.csproj", "{14A5B040-C5A8-49EE-A0EF-EAEA72FB1E3B}"
EndProject
Project("{FAE04EC0-301F-11D3-BF4B-00C04F79EFBC}") = "PWKiller", "PWKiller\PWKiller.csproj", "{877BCBC0-9A89-4797-94D4-2871EDEE6222}"
EndProject
Global
	GlobalSection(SolutionConfigurationPlatforms) = preSolution
		Debug|Any CPU = Debug|Any CPU
		Release|Any CPU = Release|Any CPU
	EndGlobalSection
	GlobalSection(ProjectConfigurationPlatforms) = postSolution
		{D032846F-C711-4EB3-9D0E-994A0165373D}.Debug|Any CPU.ActiveCfg = Debug|Any CPU
		{D032846F-C711-4EB3-9D0E-994A0165373D}.Debug|Any CPU.Build.0 = Debug|Any CPU
		{D032846F-C711-4EB3-9D0E-994A0165373D}.Release|Any CPU.ActiveCfg = Release|Any CPU
		{D032846F-C711-4EB3-9D0E-994A0165373D}.Release|Any CPU.Build.0 = Release|Any CPU
		{14A5B040-C5A8-49EE-A0EF-EAEA72FB1E3B}.Debug|Any CPU.ActiveCfg = Debug|Any CPU
		{14A5B040-C5A8-49EE-A0EF-EAEA72FB1E3B}.Debug|Any CPU.Build.0 = Debug|Any CPU
		{14A5B040-C5A8-49EE-A0EF-EAEA72FB1E3B}.Release|Any CPU.ActiveCfg = Release|Any CPU
		{14A5B040-C5A8-49EE-A0EF-EAEA72FB1E3B}.Release|Any CPU.Build.0 = Release|Any CPU
		{877BCBC0-9A89-4797-94D4-2871EDEE6222}.Debug|Any CPU.ActiveCfg = Debug|Any CPU
		{877BCBC0-9A89-4797-94D4-2871EDEE6222}.Debug|Any CPU.Build.0 = Debug|Any CPU
		{877BCBC0-9A89-4797-94D4-2871EDEE6222}.Release|Any CPU.ActiveCfg = Release|Any CPU
		{877BCBC0-9A89-4797-94D4-2871EDEE6222}.Release|Any CPU.Build.0 = Release|Any CPU
	EndGlobalSection
	GlobalSection(SolutionProperties) = preSolution
		HideSolutionNode = FALSE
	EndGlobalSection
	GlobalSection(ExtensibilityGlobals) = postSolution
		SolutionGuid = {6AE47740-66A7-477F-AD3F-CF5AF7198515}
	EndGlobalSection
EndGlobal
