
Microsoft Visual Studio Solution File, Format Version 12.00
# Visual Studio Version 17
VisualStudioVersion = 17.6.33829.357
MinimumVisualStudioVersion = 10.0.40219.1
Project("{FAE04EC0-301F-11D3-BF4B-00C04F79EFBC}") = "MIRAGE Launcher", "MIRAGE Launcher.csproj", "{D032846F-C711-4EB3-9D0E-994A0165373D}"
EndProject
Global
	GlobalSection(SolutionConfigurationPlatforms) = preSolution
		Debug|Any CPU = Debug|Any CPU
		Release|Any CPU = Release|Any CPU
	EndGlobalSection
	GlobalSection(ProjectConfigurationPlatforms) = postSolution
		{D032846F-C711-4EB3-9D0E-994A0165373D}.Debug|Any CPU.ActiveCfg = Debug|Any CPU
		{D032846F-C711-4EB3-9D0E-994A0165373D}.Debug|Any CPU.Build.0 = Debug|Any CPU
		{D032846F-C711-4EB3-9D0E-994A0165373D}.Release|Any CPU.ActiveCfg = Release|Any CPU
		{D032846F-C711-4EB3-9D0E-994A0165373D}.Release|Any CPU.Build.0 = Release|Any CPU
	EndGlobalSection
	GlobalSection(SolutionProperties) = preSolution
		HideSolutionNode = FALSE
	EndGlobalSection
	GlobalSection(ExtensibilityGlobals) = postSolution
		SolutionGuid = {F56452A5-54B6-4C16-93D1-BC8A537B482C}
	EndGlobalSection
EndGlobal
